// !$*UTF8*$!
{
	archiveVersion = 1;
	classes = {
	};
	objectVersion = 46;
	objects = {

/* Begin PBXBuildFile section */
		85647C8021362B6A00587454 /* AppDelegate.swift in Sources */ = {isa = PBXBuildFile; fileRef = 85647C7F21362B6A00587454 /* AppDelegate.swift */; };
		85647C8221362B6A00587454 /* ViewController.swift in Sources */ = {isa = PBXBuildFile; fileRef = 85647C8121362B6A00587454 /* ViewController.swift */; };
		85647C8521362B6A00587454 /* Main.storyboard in Resources */ = {isa = PBXBuildFile; fileRef = 85647C8321362B6A00587454 /* Main.storyboard */; };
		85647C8721362B6A00587454 /* Assets.xcassets in Resources */ = {isa = PBXBuildFile; fileRef = 85647C8621362B6A00587454 /* Assets.xcassets */; };
		85647C8A21362B6A00587454 /* LaunchScreen.storyboard in Resources */ = {isa = PBXBuildFile; fileRef = 85647C8821362B6A00587454 /* LaunchScreen.storyboard */; };
		85647C9521362B6A00587454 /* imagenesTests.swift in Sources */ = {isa = PBXBuildFile; fileRef = 85647C9421362B6A00587454 /* imagenesTests.swift */; };
		85647CA021362B6A00587454 /* imagenesUITests.swift in Sources */ = {isa = PBXBuildFile; fileRef = 85647C9F21362B6A00587454 /* imagenesUITests.swift */; };
/* End PBXBuildFile section */

/* Begin PBXContainerItemProxy section */
		85647C9121362B6A00587454 /* PBXContainerItemProxy */ = {
			isa = PBXContainerItemProxy;
			containerPortal = 85647C7421362B6A00587454 /* Project object */;
			proxyType = 1;
			remoteGlobalIDString = 85647C7B21362B6A00587454;
			remoteInfo = imagenes;
		};
		85647C9C21362B6A00587454 /* PBXContainerItemProxy */ = {
			isa = PBXContainerItemProxy;
			containerPortal = 85647C7421362B6A00587454 /* Project object */;
			proxyType = 1;
			remoteGlobalIDString = 85647C7B21362B6A00587454;
			remoteInfo = imagenes;
		};
/* End PBXContainerItemProxy section */

/* Begin PBXFileReference section */
		85647C7C21362B6A00587454 /* imagenes.app */ = {isa = PBXFileReference; explicitFileType = wrapper.application; includeInIndex = 0; path = imagenes.app; sourceTree = BUILT_PRODUCTS_DIR; };
		85647C7F21362B6A00587454 /* AppDelegate.swift */ = {isa = PBXFileReference; lastKnownFileType = sourcecode.swift; path = AppDelegate.swift; sourceTree = "<group>"; };
		85647C8121362B6A00587454 /* ViewController.swift */ = {isa = PBXFileReference; lastKnownFileType = sourcecode.swift; path = ViewController.swift; sourceTree = "<group>"; };
		85647C8421362B6A00587454 /* Base */ = {isa = PBXFileReference; lastKnownFileType = file.storyboard; name = Base; path = Base.lproj/Main.storyboard; sourceTree = "<group>"; };
		85647C8621362B6A00587454 /* Assets.xcassets */ = {isa = PBXFileReference; lastKnownFileType = folder.assetcatalog; path = Assets.xcassets; sourceTree = "<group>"; };
		85647C8921362B6A00587454 /* Base */ = {isa = PBXFileReference; lastKnownFileType = file.storyboard; name = Base; path = Base.lproj/LaunchScreen.storyboard; sourceTree = "<group>"; };
		85647C8B21362B6A00587454 /* Info.plist */ = {isa = PBXFileReference; lastKnownFileType = text.plist.xml; path = Info.plist; sourceTree = "<group>"; };
		85647C9021362B6A00587454 /* imagenesTests.xctest */ = {isa = PBXFileReference; explicitFileType = wrapper.cfbundle; includeInIndex = 0; path = imagenesTests.xctest; sourceTree = BUILT_PRODUCTS_DIR; };
		85647C9421362B6A00587454 /* imagenesTests.swift */ = {isa = PBXFileReference; lastKnownFileType = sourcecode.swift; path = imagenesTests.swift; sourceTree = "<group>"; };
		85647C9621362B6A00587454 /* Info.plist */ = {isa = PBXFileReference; lastKnownFileType = text.plist.xml; path = Info.plist; sourceTree = "<group>"; };
		85647C9B21362B6A00587454 /* imagenesUITests.xctest */ = {isa = PBXFileReference; explicitFileType = wrapper.cfbundle; includeInIndex = 0; path = imagenesUITests.xctest; sourceTree = BUILT_PRODUCTS_DIR; };
		85647C9F21362B6A00587454 /* imagenesUITests.swift */ = {isa = PBXFileReference; lastKnownFileType = sourcecode.swift; path = imagenesUITests.swift; sourceTree = "<group>"; };
		85647CA121362B6A00587454 /* Info.plist */ = {isa = PBXFileReference; lastKnownFileType = text.plist.xml; path = Info.plist; sourceTree = "<group>"; };
/* End PBXFileReference section */

/* Begin PBXFrameworksBuildPhase section */
		85647C7921362B6A00587454 /* Frameworks */ = {
			isa = PBXFrameworksBuildPhase;
			buildActionMask = 2147483647;
			files = (
			);
			runOnlyForDeploymentPostprocessing = 0;
		};
		85647C8D21362B6A00587454 /* Frameworks */ = {
			isa = PBXFrameworksBuildPhase;
			buildActionMask = 2147483647;
			files = (
			);
			runOnlyForDeploymentPostprocessing = 0;
		};
		85647C9821362B6A00587454 /* Frameworks */ = {
			isa = PBXFrameworksBuildPhase;
			buildActionMask = 2147483647;
			files = (
			);
			runOnlyForDeploymentPostprocessing = 0;
		};
/* End PBXFrameworksBuildPhase section */

/* Begin PBXGroup section */
		85647C7321362B6A00587454 = {
			isa = PBXGroup;
			children = (
				85647C7E21362B6A00587454 /* imagenes */,
				85647C9321362B6A00587454 /* imagenesTests */,
				85647C9E21362B6A00587454 /* imagenesUITests */,
				85647C7D21362B6A00587454 /* Products */,
			);
			sourceTree = "<group>";
		};
		85647C7D21362B6A00587454 /* Products */ = {
			isa = PBXGroup;
			children = (
				85647C7C21362B6A00587454 /* imagenes.app */,
				85647C9021362B6A00587454 /* imagenesTests.xctest */,
				85647C9B21362B6A00587454 /* imagenesUITests.xctest */,
			);
			name = Products;
			sourceTree = "<group>";
		};
		85647C7E21362B6A00587454 /* imagenes */ = {
			isa = PBXGroup;
			children = (
				85647C7F21362B6A00587454 /* AppDelegate.swift */,
				85647C8121362B6A00587454 /* ViewController.swift */,
				85647C8321362B6A00587454 /* Main.storyboard */,
				85647C8621362B6A00587454 /* Assets.xcassets */,
				85647C8821362B6A00587454 /* LaunchScreen.storyboard */,
				85647C8B21362B6A00587454 /* Info.plist */,
			);
			path = imagenes;
			sourceTree = "<group>";
		};
		85647C9321362B6A00587454 /* imagenesTests */ = {
			isa = PBXGroup;
			children = (
				85647C9421362B6A00587454 /* imagenesTests.swift */,
				85647C9621362B6A00587454 /* Info.plist */,
			);
			path = imagenesTests;
			sourceTree = "<group>";
		};
		85647C9E21362B6A00587454 /* imagenesUITests */ = {
			isa = PBXGroup;
			children = (
				85647C9F21362B6A00587454 /* imagenesUITests.swift */,
				85647CA121362B6A00587454 /* Info.plist */,
			);
			path = imagenesUITests;
			sourceTree = "<group>";
		};
/* End PBXGroup section */

/* Begin PBXNativeTarget section */
		85647C7B21362B6A00587454 /* imagenes */ = {
			isa = PBXNativeTarget;
			buildConfigurationList = 85647CA421362B6A00587454 /* Build configuration list for PBXNativeTarget "imagenes" */;
			buildPhases = (
				85647C7821362B6A00587454 /* Sources */,
				85647C7921362B6A00587454 /* Frameworks */,
				85647C7A21362B6A00587454 /* Resources */,
			);
			buildRules = (
			);
			dependencies = (
			);
			name = imagenes;
			productName = imagenes;
			productReference = 85647C7C21362B6A00587454 /* imagenes.app */;
			productType = "com.apple.product-type.application";
		};
		85647C8F21362B6A00587454 /* imagenesTests */ = {
			isa = PBXNativeTarget;
			buildConfigurationList = 85647CA721362B6A00587454 /* Build configuration list for PBXNativeTarget "imagenesTests" */;
			buildPhases = (
				85647C8C21362B6A00587454 /* Sources */,
				85647C8D21362B6A00587454 /* Frameworks */,
				85647C8E21362B6A00587454 /* Resources */,
			);
			buildRules = (
			);
			dependencies = (
				85647C9221362B6A00587454 /* PBXTargetDependency */,
			);
			name = imagenesTests;
			productName = imagenesTests;
			productReference = 85647C9021362B6A00587454 /* imagenesTests.xctest */;
			productType = "com.apple.product-type.bundle.unit-test";
		};
		85647C9A21362B6A00587454 /* imagenesUITests */ = {
			isa = PBXNativeTarget;
			buildConfigurationList = 85647CAA21362B6A00587454 /* Build configuration list for PBXNativeTarget "imagenesUITests" */;
			buildPhases = (
				85647C9721362B6A00587454 /* Sources */,
				85647C9821362B6A00587454 /* Frameworks */,
				85647C9921362B6A00587454 /* Resources */,
			);
			buildRules = (
			);
			dependencies = (
				85647C9D21362B6A00587454 /* PBXTargetDependency */,
			);
			name = imagenesUITests;
			productName = imagenesUITests;
			productReference = 85647C9B21362B6A00587454 /* imagenesUITests.xctest */;
			productType = "com.apple.product-type.bundle.ui-testing";
		};
/* End PBXNativeTarget section */

/* Begin PBXProject section */
		85647C7421362B6A00587454 /* Project object */ = {
			isa = PBXProject;
			attributes = {
				LastSwiftUpdateCheck = 0820;
				LastUpgradeCheck = 0820;
				ORGANIZATIONNAME = Maestro;
				TargetAttributes = {
					85647C7B21362B6A00587454 = {
						CreatedOnToolsVersion = 8.2;
						ProvisioningStyle = Automatic;
					};
					85647C8F21362B6A00587454 = {
						CreatedOnToolsVersion = 8.2;
						ProvisioningStyle = Automatic;
						TestTargetID = 85647C7B21362B6A00587454;
					};
					85647C9A21362B6A00587454 = {
						CreatedOnToolsVersion = 8.2;
						ProvisioningStyle = Automatic;
						TestTargetID = 85647C7B21362B6A00587454;
					};
				};
			};
			buildConfigurationList = 85647C7721362B6A00587454 /* Build configuration list for PBXProject "imagenes" */;
			compatibilityVersion = "Xcode 3.2";
			developmentRegion = English;
			hasScannedForEncodings = 0;
			knownRegions = (
				en,
				Base,
			);
			mainGroup = 85647C7321362B6A00587454;
			productRefGroup = 85647C7D21362B6A00587454 /* Products */;
			projectDirPath = "";
			projectRoot = "";
			targets = (
				85647C7B21362B6A00587454 /* imagenes */,
				85647C8F21362B6A00587454 /* imagenesTests */,
				85647C9A21362B6A00587454 /* imagenesUITests */,
			);
		};
/* End PBXProject section */

/* Begin PBXResourcesBuildPhase section */
		85647C7A21362B6A00587454 /* Resources */ = {
			isa = PBXResourcesBuildPhase;
			buildActionMask = 2147483647;
			files = (
				85647C8A21362B6A00587454 /* LaunchScreen.storyboard in Resources */,
				85647C8721362B6A00587454 /* Assets.xcassets in Resources */,
				85647C8521362B6A00587454 /* Main.storyboard in Resources */,
			);
			runOnlyForDeploymentPostprocessing = 0;
		};
		85647C8E21362B6A00587454 /* Resources */ = {
			isa = PBXResourcesBuildPhase;
			buildActionMask = 2147483647;
			files = (
			);
			runOnlyForDeploymentPostprocessing = 0;
		};
		85647C9921362B6A00587454 /* Resources */ = {
			isa = PBXResourcesBuildPhase;
			buildActionMask = 2147483647;
			files = (
			);
			runOnlyForDeploymentPostprocessing = 0;
		};
/* End PBXResourcesBuildPhase section */

/* Begin PBXSourcesBuildPhase section */
		85647C7821362B6A00587454 /* Sources */ = {
			isa = PBXSourcesBuildPhase;
			buildActionMask = 2147483647;
			files = (
				85647C8221362B6A00587454 /* ViewController.swift in Sources */,
				85647C8021362B6A00587454 /* AppDelegate.swift in Sources */,
			);
			runOnlyForDeploymentPostprocessing = 0;
		};
		85647C8C21362B6A00587454 /* Sources */ = {
			isa = PBXSourcesBuildPhase;
			buildActionMask = 2147483647;
			files = (
				85647C9521362B6A00587454 /* imagenesTests.swift in Sources */,
			);
			runOnlyForDeploymentPostprocessing = 0;
		};
		85647C9721362B6A00587454 /* Sources */ = {
			isa = PBXSourcesBuildPhase;
			buildActionMask = 2147483647;
			files = (
				85647CA021362B6A00587454 /* imagenesUITests.swift in Sources */,
			);
			runOnlyForDeploymentPostprocessing = 0;
		};
/* End PBXSourcesBuildPhase section */

/* Begin PBXTargetDependency section */
		85647C9221362B6A00587454 /* PBXTargetDependency */ = {
			isa = PBXTargetDependency;
			target = 85647C7B21362B6A00587454 /* imagenes */;
			targetProxy = 85647C9121362B6A00587454 /* PBXContainerItemProxy */;
		};
		85647C9D21362B6A00587454 /* PBXTargetDependency */ = {
			isa = PBXTargetDependency;
			target = 85647C7B21362B6A00587454 /* imagenes */;
			targetProxy = 85647C9C21362B6A00587454 /* PBXContainerItemProxy */;
		};
/* End PBXTargetDependency section */

/* Begin PBXVariantGroup section */
		85647C8321362B6A00587454 /* Main.storyboard */ = {
			isa = PBXVariantGroup;
			children = (
				85647C8421362B6A00587454 /* Base */,
			);
			name = Main.storyboard;
			sourceTree = "<group>";
		};
		85647C8821362B6A00587454 /* LaunchScreen.storyboard */ = {
			isa = PBXVariantGroup;
			children = (
				85647C8921362B6A00587454 /* Base */,
			);
			name = LaunchScreen.storyboard;
			sourceTree = "<group>";
		};
/* End PBXVariantGroup section */

/* Begin XCBuildConfiguration section */
		85647CA221362B6A00587454 /* Debug */ = {
			isa = XCBuildConfiguration;
			buildSettings = {
				ALWAYS_SEARCH_USER_PATHS = NO;
				CLANG_ANALYZER_NONNULL = YES;
				CLANG_CXX_LANGUAGE_STANDARD = "gnu++0x";
				CLANG_CXX_LIBRARY = "libc++";
				CLANG_ENABLE_MODULES = YES;
				CLANG_ENABLE_OBJC_ARC = YES;
				CLANG_WARN_BOOL_CONVERSION = YES;
				CLANG_WARN_CONSTANT_CONVERSION = YES;
				CLANG_WARN_DIRECT_OBJC_ISA_USAGE = YES_ERROR;
				CLANG_WARN_DOCUMENTATION_COMMENTS = YES;
				CLANG_WARN_EMPTY_BODY = YES;
				CLANG_WARN_ENUM_CONVERSION = YES;
				CLANG_WARN_INFINITE_RECURSION = YES;
				CLANG_WARN_INT_CONVERSION = YES;
				CLANG_WARN_OBJC_ROOT_CLASS = YES_ERROR;
				CLANG_WARN_SUSPICIOUS_MOVE = YES;
				CLANG_WARN_UNREACHABLE_CODE = YES;
				CLANG_WARN__DUPLICATE_METHOD_MATCH = YES;
				"CODE_SIGN_IDENTITY[sdk=iphoneos*]" = "iPhone Developer";
				COPY_PHASE_STRIP = NO;
				DEBUG_INFORMATION_FORMAT = dwarf;
				ENABLE_STRICT_OBJC_MSGSEND = YES;
				ENABLE_TESTABILITY = YES;
				GCC_C_LANGUAGE_STANDARD = gnu99;
				GCC_DYNAMIC_NO_PIC = NO;
				GCC_NO_COMMON_BLOCKS = YES;
				GCC_OPTIMIZATION_LEVEL = 0;
				GCC_PREPROCESSOR_DEFINITIONS = (
					"DEBUG=1",
					"$(inherited)",
				);
				GCC_WARN_64_TO_32_BIT_CONVERSION = YES;
				GCC_WARN_ABOUT_RETURN_TYPE = YES_ERROR;
				GCC_WARN_UNDECLARED_SELECTOR = YES;
				GCC_WARN_UNINITIALIZED_AUTOS = YES_AGGRESSIVE;
				GCC_WARN_UNUSED_FUNCTION = YES;
				GCC_WARN_UNUSED_VARIABLE = YES;
				IPHONEOS_DEPLOYMENT_TARGET = 10.2;
				MTL_ENABLE_DEBUG_INFO = YES;
				ONLY_ACTIVE_ARCH = YES;
				SDKROOT = iphoneos;
				SWIFT_ACTIVE_COMPILATION_CONDITIONS = DEBUG;
				SWIFT_OPTIMIZATION_LEVEL = "-Onone";
				TARGETED_DEVICE_FAMILY = "1,2";
			};
			name = Debug;
		};
		85647CA321362B6A00587454 /* Release */ = {
			isa = XCBuildConfiguration;
			buildSettings = {
				ALWAYS_SEARCH_USER_PATHS = NO;
				CLANG_ANALYZER_NONNULL = YES;
				CLANG_CXX_LANGUAGE_STANDARD = "gnu++0x";
				CLANG_CXX_LIBRARY = "libc++";
				CLANG_ENABLE_MODULES = YES;
				CLANG_ENABLE_OBJC_ARC = YES;
				CLANG_WARN_BOOL_CONVERSION = YES;
				CLANG_WARN_CONSTANT_CONVERSION = YES;
				CLANG_WARN_DIRECT_OBJC_ISA_USAGE = YES_ERROR;
				CLANG_WARN_DOCUMENTATION_COMMENTS = YES;
				CLANG_WARN_EMPTY_BODY = YES;
				CLANG_WARN_ENUM_CONVERSION = YES;
				CLANG_WARN_INFINITE_RECURSION = YES;
				CLANG_WARN_INT_CONVERSION = YES;
				CLANG_WARN_OBJC_ROOT_CLASS = YES_ERROR;
				CLANG_WARN_SUSPICIOUS_MOVE = YES;
				CLANG_WARN_UNREACHABLE_CODE = YES;
				CLANG_WARN__DUPLICATE_METHOD_MATCH = YES;
				"CODE_SIGN_IDENTITY[sdk=iphoneos*]" = "iPhone Developer";
				COPY_PHASE_STRIP = NO;
				DEBUG_INFORMATION_FORMAT = "dwarf-with-dsym";
				ENABLE_NS_ASSERTIONS = NO;
				ENABLE_STRICT_OBJC_MSGSEND = YES;
				GCC_C_LANGUAGE_STANDARD = gnu99;
				GCC_NO_COMMON_BLOCKS = YES;
				GCC_WARN_64_TO_32_BIT_CONVERSION = YES;
				GCC_WARN_ABOUT_RETURN_TYPE = YES_ERROR;
				GCC_WARN_UNDECLARED_SELECTOR = YES;
				GCC_WARN_UNINITIALIZED_AUTOS = YES_AGGRESSIVE;
				GCC_WARN_UNUSED_FUNCTION = YES;
				GCC_WARN_UNUSED_VARIABLE = YES;
				IPHONEOS_DEPLOYMENT_TARGET = 10.2;
				MTL_ENABLE_DEBUG_INFO = NO;
				SDKROOT = iphoneos;
				SWIFT_OPTIMIZATION_LEVEL = "-Owholemodule";
				TARGETED_DEVICE_FAMILY = "1,2";
				VALIDATE_PRODUCT = YES;
			};
			name = Release;
		};
		85647CA521362B6A00587454 /* Debug */ = {
			isa = XCBuildConfiguration;
			buildSettings = {
				ASSETCATALOG_COMPILER_APPICON_NAME = AppIcon;
				INFOPLIST_FILE = imagenes/Info.plist;
				LD_RUNPATH_SEARCH_PATHS = "$(inherited) @executable_path/Frameworks";
				PRODUCT_BUNDLE_IDENTIFIER = ulsa.edu.imagenes;
				PRODUCT_NAME = "$(TARGET_NAME)";
				SWIFT_VERSION = 3.0;
			};
			name = Debug;
		};
		85647CA621362B6A00587454 /* Release */ = {
			isa = XCBuildConfiguration;
			buildSettings = {
				ASSETCATALOG_COMPILER_APPICON_NAME = AppIcon;
				INFOPLIST_FILE = imagenes/Info.plist;
				LD_RUNPATH_SEARCH_PATHS = "$(inherited) @executable_path/Frameworks";
				PRODUCT_BUNDLE_IDENTIFIER = ulsa.edu.imagenes;
				PRODUCT_NAME = "$(TARGET_NAME)";
				SWIFT_VERSION = 3.0;
			};
			name = Release;
		};
		85647CA821362B6A00587454 /* Debug */ = {
			isa = XCBuildConfiguration;
			buildSettings = {
				ALWAYS_EMBED_SWIFT_STANDARD_LIBRARIES = YES;
				BUNDLE_LOADER = "$(TEST_HOST)";
				INFOPLIST_FILE = imagenesTests/Info.plist;
				LD_RUNPATH_SEARCH_PATHS = "$(inherited) @executable_path/Frameworks @loader_path/Frameworks";
				PRODUCT_BUNDLE_IDENTIFIER = ulsa.edu.imagenesTests;
				PRODUCT_NAME = "$(TARGET_NAME)";
				SWIFT_VERSION = 3.0;
				TEST_HOST = "$(BUILT_PRODUCTS_DIR)/imagenes.app/imagenes";
			};
			name = Debug;
		};
		85647CA921362B6A00587454 /* Release */ = {
			isa = XCBuildConfiguration;
			buildSettings = {
				ALWAYS_EMBED_SWIFT_STANDARD_LIBRARIES = YES;
				BUNDLE_LOADER = "$(TEST_HOST)";
				INFOPLIST_FILE = imagenesTests/Info.plist;
				LD_RUNPATH_SEARCH_PATHS = "$(inherited) @executable_path/Frameworks @loader_path/Frameworks";
				PRODUCT_BUNDLE_IDENTIFIER = ulsa.edu.imagenesTests;
				PRODUCT_NAME = "$(TARGET_NAME)";
				SWIFT_VERSION = 3.0;
				TEST_HOST = "$(BUILT_PRODUCTS_DIR)/imagenes.app/imagenes";
			};
			name = Release;
		};
		85647CAB21362B6A00587454 /* Debug */ = {
			isa = XCBuildConfiguration;
			buildSettings = {
				ALWAYS_EMBED_SWIFT_STANDARD_LIBRARIES = YES;
				INFOPLIST_FILE = imagenesUITests/Info.plist;
				LD_RUNPATH_SEARCH_PATHS = "$(inherited) @executable_path/Frameworks @loader_path/Frameworks";
				PRODUCT_BUNDLE_IDENTIFIER = ulsa.edu.imagenesUITests;
				PRODUCT_NAME = "$(TARGET_NAME)";
				SWIFT_VERSION = 3.0;
				TEST_TARGET_NAME = imagenes;
			};
			name = Debug;
		};
		85647CAC21362B6A00587454 /* Release */ = {
			isa = XCBuildConfiguration;
			buildSettings = {
				ALWAYS_EMBED_SWIFT_STANDARD_LIBRARIES = YES;
				INFOPLIST_FILE = imagenesUITests/Info.plist;
				LD_RUNPATH_SEARCH_PATHS = "$(inherited) @executable_path/Frameworks @loader_path/Frameworks";
				PRODUCT_BUNDLE_IDENTIFIER = ulsa.edu.imagenesUITests;
				PRODUCT_NAME = "$(TARGET_NAME)";
				SWIFT_VERSION = 3.0;
				TEST_TARGET_NAME = imagenes;
			};
			name = Release;
		};
/* End XCBuildConfiguration section */

/* Begin XCConfigurationList section */
		85647C7721362B6A00587454 /* Build configuration list for PBXProject "imagenes" */ = {
			isa = XCConfigurationList;
			buildConfigurations = (
				85647CA221362B6A00587454 /* Debug */,
				85647CA321362B6A00587454 /* Release */,
			);
			defaultConfigurationIsVisible = 0;
			defaultConfigurationName = Release;
		};
		85647CA421362B6A00587454 /* Build configuration list for PBXNativeTarget "imagenes" */ = {
			isa = XCConfigurationList;
			buildConfigurations = (
				85647CA521362B6A00587454 /* Debug */,
				85647CA621362B6A00587454 /* Release */,
			);
			defaultConfigurationIsVisible = 0;
		};
		85647CA721362B6A00587454 /* Build configuration list for PBXNativeTarget "imagenesTests" */ = {
			isa = XCConfigurationList;
			buildConfigurations = (
				85647CA821362B6A00587454 /* Debug */,
				85647CA921362B6A00587454 /* Release */,
			);
			defaultConfigurationIsVisible = 0;
		};
		85647CAA21362B6A00587454 /* Build configuration list for PBXNativeTarget "imagenesUITests" */ = {
			isa = XCConfigurationList;
			buildConfigurations = (
				85647CAB21362B6A00587454 /* Debug */,
				85647CAC21362B6A00587454 /* Release */,
			);
			defaultConfigurationIsVisible = 0;
		};
/* End XCConfigurationList section */
	};
	rootObject = 85647C7421362B6A00587454 /* Project object */;
}
